
Microsoft Visual Studio Solution File, Format Version 12.00
# Visual Studio 14
VisualStudioVersion = 14.0.24720.0
MinimumVisualStudioVersion = 10.0.40219.1
Project("{FAE04EC0-301F-11D3-BF4B-00C04F79EFBC}") = "Sunrise.Energy.ConsolApp", "Program1\Sunrise.Energy.ConsolApp.csproj", "{7355D4CF-FAE1-48DD-83F5-2C13D23CD22E}"
EndProject
Project("{FAE04EC0-301F-11D3-BF4B-00C04F79EFBC}") = "UnitTestProject1", "UnitTestProject1\UnitTestProject1.csproj", "{11935D27-06D6-4A68-8EE6-A81814F69885}"
EndProject
Project("{FAE04EC0-301F-11D3-BF4B-00C04F79EFBC}") = "Sunrise.Energy.Computing", "Sunrise.Energy.Computing\Sunrise.Energy.Computing.csproj", "{8153F6C0-83D6-43D2-B8C1-EEFFD57767BF}"
EndProject
Project("{FAE04EC0-301F-11D3-BF4B-00C04F79EFBC}") = "ProductsApp", "ProductsApp\ProductsApp.csproj", "{052CDAF0-7C62-4B89-94E5-FB5A4920DD94}"
EndProject
Global
	GlobalSection(SolutionConfigurationPlatforms) = preSolution
		Debug|Any CPU = Debug|Any CPU
		Release|Any CPU = Release|Any CPU
	EndGlobalSection
	GlobalSection(ProjectConfigurationPlatforms) = postSolution
		{7355D4CF-FAE1-48DD-83F5-2C13D23CD22E}.Debug|Any CPU.ActiveCfg = Debug|Any CPU
		{7355D4CF-FAE1-48DD-83F5-2C13D23CD22E}.Debug|Any CPU.Build.0 = Debug|Any CPU
		{7355D4CF-FAE1-48DD-83F5-2C13D23CD22E}.Release|Any CPU.ActiveCfg = Release|Any CPU
		{7355D4CF-FAE1-48DD-83F5-2C13D23CD22E}.Release|Any CPU.Build.0 = Release|Any CPU
		{11935D27-06D6-4A68-8EE6-A81814F69885}.Debug|Any CPU.ActiveCfg = Debug|Any CPU
		{11935D27-06D6-4A68-8EE6-A81814F69885}.Debug|Any CPU.Build.0 = Debug|Any CPU
		{11935D27-06D6-4A68-8EE6-A81814F69885}.Release|Any CPU.ActiveCfg = Release|Any CPU
		{11935D27-06D6-4A68-8EE6-A81814F69885}.Release|Any CPU.Build.0 = Release|Any CPU
		{8153F6C0-83D6-43D2-B8C1-EEFFD57767BF}.Debug|Any CPU.ActiveCfg = Debug|Any CPU
		{8153F6C0-83D6-43D2-B8C1-EEFFD57767BF}.Debug|Any CPU.Build.0 = Debug|Any CPU
		{8153F6C0-83D6-43D2-B8C1-EEFFD57767BF}.Release|Any CPU.ActiveCfg = Release|Any CPU
		{8153F6C0-83D6-43D2-B8C1-EEFFD57767BF}.Release|Any CPU.Build.0 = Release|Any CPU
		{052CDAF0-7C62-4B89-94E5-FB5A4920DD94}.Debug|Any CPU.ActiveCfg = Debug|Any CPU
		{052CDAF0-7C62-4B89-94E5-FB5A4920DD94}.Debug|Any CPU.Build.0 = Debug|Any CPU
		{052CDAF0-7C62-4B89-94E5-FB5A4920DD94}.Release|Any CPU.ActiveCfg = Release|Any CPU
		{052CDAF0-7C62-4B89-94E5-FB5A4920DD94}.Release|Any CPU.Build.0 = Release|Any CPU
	EndGlobalSection
	GlobalSection(SolutionProperties) = preSolution
		HideSolutionNode = FALSE
	EndGlobalSection
EndGlobal
